
Microsoft Visual Studio Solution File, Format Version 12.00
# Visual Studio Version 17
VisualStudioVersion = 17.0.32014.148
MinimumVisualStudioVersion = 10.0.40219.1
Project("{FAE04EC0-301F-11D3-BF4B-00C04F79EFBC}") = "GreeterGrpcService", "GreeterGrpcService\GreeterGrpcService.csproj", "{33F56CBD-DC0D-4694-AC15-6F323097DE2A}"
EndProject
Project("{FAE04EC0-301F-11D3-BF4B-00C04F79EFBC}") = "ClientConsoleApp", "ClientConsoleApp\ClientConsoleApp.csproj", "{F2535191-C1DE-4BCC-A074-14861E6C080B}"
EndProject
Global
	GlobalSection(SolutionConfigurationPlatforms) = preSolution
		Debug|Any CPU = Debug|Any CPU
		Release|Any CPU = Release|Any CPU
	EndGlobalSection
	GlobalSection(ProjectConfigurationPlatforms) = postSolution
		{33F56CBD-DC0D-4694-AC15-6F323097DE2A}.Debug|Any CPU.ActiveCfg = Debug|Any CPU
		{33F56CBD-DC0D-4694-AC15-6F323097DE2A}.Debug|Any CPU.Build.0 = Debug|Any CPU
		{33F56CBD-DC0D-4694-AC15-6F323097DE2A}.Release|Any CPU.ActiveCfg = Release|Any CPU
		{33F56CBD-DC0D-4694-AC15-6F323097DE2A}.Release|Any CPU.Build.0 = Release|Any CPU
		{F2535191-C1DE-4BCC-A074-14861E6C080B}.Debug|Any CPU.ActiveCfg = Debug|Any CPU
		{F2535191-C1DE-4BCC-A074-14861E6C080B}.Debug|Any CPU.Build.0 = Debug|Any CPU
		{F2535191-C1DE-4BCC-A074-14861E6C080B}.Release|Any CPU.ActiveCfg = Release|Any CPU
		{F2535191-C1DE-4BCC-A074-14861E6C080B}.Release|Any CPU.Build.0 = Release|Any CPU
	EndGlobalSection
	GlobalSection(SolutionProperties) = preSolution
		HideSolutionNode = FALSE
	EndGlobalSection
	GlobalSection(ExtensibilityGlobals) = postSolution
		SolutionGuid = {65FF0A1F-B74F-4564-8527-024FEA6A2721}
	EndGlobalSection
EndGlobal
